
Microsoft Visual Studio Solution File, Format Version 12.00
# Visual Studio Version 16
VisualStudioVersion = 16.0.29215.179
MinimumVisualStudioVersion = 10.0.40219.1
Project("{FAE04EC0-301F-11D3-BF4B-00C04F79EFBC}") = "SalesWebMvc", "SalesWebMvc.csproj", "{A12A5229-85D1-4F06-81C5-76B5B2382612}"
EndProject
Global
	GlobalSection(SolutionConfigurationPlatforms) = preSolution
		Debug|Any CPU = Debug|Any CPU
		Release|Any CPU = Release|Any CPU
	EndGlobalSection
	GlobalSection(ProjectConfigurationPlatforms) = postSolution
		{A12A5229-85D1-4F06-81C5-76B5B2382612}.Debug|Any CPU.ActiveCfg = Debug|Any CPU
		{A12A5229-85D1-4F06-81C5-76B5B2382612}.Debug|Any CPU.Build.0 = Debug|Any CPU
		{A12A5229-85D1-4F06-81C5-76B5B2382612}.Release|Any CPU.ActiveCfg = Release|Any CPU
		{A12A5229-85D1-4F06-81C5-76B5B2382612}.Release|Any CPU.Build.0 = Release|Any CPU
	EndGlobalSection
	GlobalSection(SolutionProperties) = preSolution
		HideSolutionNode = FALSE
	EndGlobalSection
	GlobalSection(ExtensibilityGlobals) = postSolution
		SolutionGuid = {C4431F4C-7B06-46EA-9E67-7FC7288E0B77}
	EndGlobalSection
EndGlobal
